
Microsoft Visual Studio Solution File, Format Version 12.00
# Visual Studio Version 17
VisualStudioVersion = 17.5.33627.172
MinimumVisualStudioVersion = 10.0.40219.1
Project("{9A19103F-16F7-4668-BE54-9A1E7A4F7556}") = "ChatIntegrationsHunty.Api", "ChatIntegrationsHunty.Api\ChatIntegrationsHunty.Api.csproj", "{C3292840-49CD-4691-8EBB-3EDB7E316BEB}"
EndProject
Project("{2150E333-8FDC-42A3-9474-1A3956D46DE8}") = "Application", "Application", "{90E8607B-9663-46A8-BBE2-82D41CF3B1A5}"
EndProject
Project("{2150E333-8FDC-42A3-9474-1A3956D46DE8}") = "Domain", "Domain", "{0C5E31EB-6265-4CA1-BFC2-E843E05A6175}"
EndProject
Project("{2150E333-8FDC-42A3-9474-1A3956D46DE8}") = "Infraestructure", "Infraestructure", "{F0D61CF9-F496-49CE-8C7E-BAEBDEBE7394}"
EndProject
Project("{2150E333-8FDC-42A3-9474-1A3956D46DE8}") = "Test", "Test", "{E11B26ED-1D55-420D-A021-8EA0A70B5005}"
EndProject
Project("{9A19103F-16F7-4668-BE54-9A1E7A4F7556}") = "Dto", "Dto\Dto.csproj", "{10458452-1CE1-4E1A-983B-1AE84FDA3D22}"
EndProject
Project("{FAE04EC0-301F-11D3-BF4B-00C04F79EFBC}") = "HttpExternalServices", "HttpExternalServices\HttpExternalServices.csproj", "{63CFF8D4-B3C3-4A15-AD9F-77B6387E85E3}"
EndProject
Project("{FAE04EC0-301F-11D3-BF4B-00C04F79EFBC}") = "Entities", "Entities\Entities.csproj", "{4364B650-7C91-40BF-9446-0A78ED41317C}"
EndProject
Project("{2150E333-8FDC-42A3-9474-1A3956D46DE8}") = "Transversal", "Transversal", "{7578E3B9-BA21-4F79-A4EC-395131992F41}"
EndProject
Project("{FAE04EC0-301F-11D3-BF4B-00C04F79EFBC}") = "Mapper", "Mapper\Mapper.csproj", "{058CE0A2-9CE1-4930-AC03-4C1529315B08}"
EndProject
Project("{FAE04EC0-301F-11D3-BF4B-00C04F79EFBC}") = "ExternalServicesInterfaces", "ExternalServicesInterfaces\ExternalServicesInterfaces.csproj", "{E30FF513-CB85-4155-953C-BE446C2089B3}"
EndProject
Project("{FAE04EC0-301F-11D3-BF4B-00C04F79EFBC}") = "DomainEntities", "DomainEntities\DomainEntities.csproj", "{E8905C22-E256-4DBE-B311-EE3204A6D724}"
EndProject
Project("{FAE04EC0-301F-11D3-BF4B-00C04F79EFBC}") = "UsesCase", "UsesCase\UsesCase.csproj", "{6F05250E-065B-4C2B-AE5F-F957E3040ACD}"
EndProject
Project("{FAE04EC0-301F-11D3-BF4B-00C04F79EFBC}") = "Interfaces", "Interfaces\Interfaces.csproj", "{0DE463E5-F19D-4325-A614-FD22AE766C94}"
EndProject
Project("{FAE04EC0-301F-11D3-BF4B-00C04F79EFBC}") = "Persistence", "Persistence\Persistence.csproj", "{47528E73-4F55-4DDC-958A-7CD6E234922F}"
EndProject
Project("{FAE04EC0-301F-11D3-BF4B-00C04F79EFBC}") = "Repositories", "Repositories\Repositories.csproj", "{4B6F938E-76BD-4A49-87BE-DB75A474E45C}"
EndProject
Project("{FAE04EC0-301F-11D3-BF4B-00C04F79EFBC}") = "Repository", "Repository\Repository.csproj", "{519783AA-0CC9-467A-8C1D-DA30E7408BEA}"
EndProject
Project("{FAE04EC0-301F-11D3-BF4B-00C04F79EFBC}") = "UnitTest", "UnitTest\UnitTest.csproj", "{F575D573-B1A3-43FE-83FB-66E36E2712E3}"
EndProject
Global
	GlobalSection(SolutionConfigurationPlatforms) = preSolution
		Debug|Any CPU = Debug|Any CPU
		Release|Any CPU = Release|Any CPU
	EndGlobalSection
	GlobalSection(ProjectConfigurationPlatforms) = postSolution
		{C3292840-49CD-4691-8EBB-3EDB7E316BEB}.Debug|Any CPU.ActiveCfg = Debug|Any CPU
		{C3292840-49CD-4691-8EBB-3EDB7E316BEB}.Debug|Any CPU.Build.0 = Debug|Any CPU
		{C3292840-49CD-4691-8EBB-3EDB7E316BEB}.Release|Any CPU.ActiveCfg = Release|Any CPU
		{C3292840-49CD-4691-8EBB-3EDB7E316BEB}.Release|Any CPU.Build.0 = Release|Any CPU
		{10458452-1CE1-4E1A-983B-1AE84FDA3D22}.Debug|Any CPU.ActiveCfg = Debug|Any CPU
		{10458452-1CE1-4E1A-983B-1AE84FDA3D22}.Debug|Any CPU.Build.0 = Debug|Any CPU
		{10458452-1CE1-4E1A-983B-1AE84FDA3D22}.Release|Any CPU.ActiveCfg = Release|Any CPU
		{10458452-1CE1-4E1A-983B-1AE84FDA3D22}.Release|Any CPU.Build.0 = Release|Any CPU
		{63CFF8D4-B3C3-4A15-AD9F-77B6387E85E3}.Debug|Any CPU.ActiveCfg = Debug|Any CPU
		{63CFF8D4-B3C3-4A15-AD9F-77B6387E85E3}.Debug|Any CPU.Build.0 = Debug|Any CPU
		{63CFF8D4-B3C3-4A15-AD9F-77B6387E85E3}.Release|Any CPU.ActiveCfg = Release|Any CPU
		{63CFF8D4-B3C3-4A15-AD9F-77B6387E85E3}.Release|Any CPU.Build.0 = Release|Any CPU
		{4364B650-7C91-40BF-9446-0A78ED41317C}.Debug|Any CPU.ActiveCfg = Debug|Any CPU
		{4364B650-7C91-40BF-9446-0A78ED41317C}.Debug|Any CPU.Build.0 = Debug|Any CPU
		{4364B650-7C91-40BF-9446-0A78ED41317C}.Release|Any CPU.ActiveCfg = Release|Any CPU
		{4364B650-7C91-40BF-9446-0A78ED41317C}.Release|Any CPU.Build.0 = Release|Any CPU
		{058CE0A2-9CE1-4930-AC03-4C1529315B08}.Debug|Any CPU.ActiveCfg = Debug|Any CPU
		{058CE0A2-9CE1-4930-AC03-4C1529315B08}.Debug|Any CPU.Build.0 = Debug|Any CPU
		{058CE0A2-9CE1-4930-AC03-4C1529315B08}.Release|Any CPU.ActiveCfg = Release|Any CPU
		{058CE0A2-9CE1-4930-AC03-4C1529315B08}.Release|Any CPU.Build.0 = Release|Any CPU
		{E30FF513-CB85-4155-953C-BE446C2089B3}.Debug|Any CPU.ActiveCfg = Debug|Any CPU
		{E30FF513-CB85-4155-953C-BE446C2089B3}.Debug|Any CPU.Build.0 = Debug|Any CPU
		{E30FF513-CB85-4155-953C-BE446C2089B3}.Release|Any CPU.ActiveCfg = Release|Any CPU
		{E30FF513-CB85-4155-953C-BE446C2089B3}.Release|Any CPU.Build.0 = Release|Any CPU
		{E8905C22-E256-4DBE-B311-EE3204A6D724}.Debug|Any CPU.ActiveCfg = Debug|Any CPU
		{E8905C22-E256-4DBE-B311-EE3204A6D724}.Debug|Any CPU.Build.0 = Debug|Any CPU
		{E8905C22-E256-4DBE-B311-EE3204A6D724}.Release|Any CPU.ActiveCfg = Release|Any CPU
		{E8905C22-E256-4DBE-B311-EE3204A6D724}.Release|Any CPU.Build.0 = Release|Any CPU
		{6F05250E-065B-4C2B-AE5F-F957E3040ACD}.Debug|Any CPU.ActiveCfg = Debug|Any CPU
		{6F05250E-065B-4C2B-AE5F-F957E3040ACD}.Debug|Any CPU.Build.0 = Debug|Any CPU
		{6F05250E-065B-4C2B-AE5F-F957E3040ACD}.Release|Any CPU.ActiveCfg = Release|Any CPU
		{6F05250E-065B-4C2B-AE5F-F957E3040ACD}.Release|Any CPU.Build.0 = Release|Any CPU
		{0DE463E5-F19D-4325-A614-FD22AE766C94}.Debug|Any CPU.ActiveCfg = Debug|Any CPU
		{0DE463E5-F19D-4325-A614-FD22AE766C94}.Debug|Any CPU.Build.0 = Debug|Any CPU
		{0DE463E5-F19D-4325-A614-FD22AE766C94}.Release|Any CPU.ActiveCfg = Release|Any CPU
		{0DE463E5-F19D-4325-A614-FD22AE766C94}.Release|Any CPU.Build.0 = Release|Any CPU
		{47528E73-4F55-4DDC-958A-7CD6E234922F}.Debug|Any CPU.ActiveCfg = Debug|Any CPU
		{47528E73-4F55-4DDC-958A-7CD6E234922F}.Debug|Any CPU.Build.0 = Debug|Any CPU
		{47528E73-4F55-4DDC-958A-7CD6E234922F}.Release|Any CPU.ActiveCfg = Release|Any CPU
		{47528E73-4F55-4DDC-958A-7CD6E234922F}.Release|Any CPU.Build.0 = Release|Any CPU
		{4B6F938E-76BD-4A49-87BE-DB75A474E45C}.Debug|Any CPU.ActiveCfg = Debug|Any CPU
		{4B6F938E-76BD-4A49-87BE-DB75A474E45C}.Debug|Any CPU.Build.0 = Debug|Any CPU
		{4B6F938E-76BD-4A49-87BE-DB75A474E45C}.Release|Any CPU.ActiveCfg = Release|Any CPU
		{4B6F938E-76BD-4A49-87BE-DB75A474E45C}.Release|Any CPU.Build.0 = Release|Any CPU
		{519783AA-0CC9-467A-8C1D-DA30E7408BEA}.Debug|Any CPU.ActiveCfg = Debug|Any CPU
		{519783AA-0CC9-467A-8C1D-DA30E7408BEA}.Debug|Any CPU.Build.0 = Debug|Any CPU
		{519783AA-0CC9-467A-8C1D-DA30E7408BEA}.Release|Any CPU.ActiveCfg = Release|Any CPU
		{519783AA-0CC9-467A-8C1D-DA30E7408BEA}.Release|Any CPU.Build.0 = Release|Any CPU
		{F575D573-B1A3-43FE-83FB-66E36E2712E3}.Debug|Any CPU.ActiveCfg = Debug|Any CPU
		{F575D573-B1A3-43FE-83FB-66E36E2712E3}.Debug|Any CPU.Build.0 = Debug|Any CPU
		{F575D573-B1A3-43FE-83FB-66E36E2712E3}.Release|Any CPU.ActiveCfg = Release|Any CPU
		{F575D573-B1A3-43FE-83FB-66E36E2712E3}.Release|Any CPU.Build.0 = Release|Any CPU
	EndGlobalSection
	GlobalSection(SolutionProperties) = preSolution
		HideSolutionNode = FALSE
	EndGlobalSection
	GlobalSection(NestedProjects) = preSolution
		{10458452-1CE1-4E1A-983B-1AE84FDA3D22} = {90E8607B-9663-46A8-BBE2-82D41CF3B1A5}
		{63CFF8D4-B3C3-4A15-AD9F-77B6387E85E3} = {F0D61CF9-F496-49CE-8C7E-BAEBDEBE7394}
		{4364B650-7C91-40BF-9446-0A78ED41317C} = {F0D61CF9-F496-49CE-8C7E-BAEBDEBE7394}
		{058CE0A2-9CE1-4930-AC03-4C1529315B08} = {7578E3B9-BA21-4F79-A4EC-395131992F41}
		{E30FF513-CB85-4155-953C-BE446C2089B3} = {0C5E31EB-6265-4CA1-BFC2-E843E05A6175}
		{E8905C22-E256-4DBE-B311-EE3204A6D724} = {0C5E31EB-6265-4CA1-BFC2-E843E05A6175}
		{6F05250E-065B-4C2B-AE5F-F957E3040ACD} = {90E8607B-9663-46A8-BBE2-82D41CF3B1A5}
		{0DE463E5-F19D-4325-A614-FD22AE766C94} = {90E8607B-9663-46A8-BBE2-82D41CF3B1A5}
		{47528E73-4F55-4DDC-958A-7CD6E234922F} = {F0D61CF9-F496-49CE-8C7E-BAEBDEBE7394}
		{4B6F938E-76BD-4A49-87BE-DB75A474E45C} = {0C5E31EB-6265-4CA1-BFC2-E843E05A6175}
		{519783AA-0CC9-467A-8C1D-DA30E7408BEA} = {F0D61CF9-F496-49CE-8C7E-BAEBDEBE7394}
		{F575D573-B1A3-43FE-83FB-66E36E2712E3} = {E11B26ED-1D55-420D-A021-8EA0A70B5005}
	EndGlobalSection
	GlobalSection(ExtensibilityGlobals) = postSolution
		SolutionGuid = {54C45F8D-4301-4EF2-9651-3C08542E43CF}
	EndGlobalSection
EndGlobal
